
Microsoft Visual Studio Solution File, Format Version 12.00
# Visual Studio Version 17
VisualStudioVersion = 17.12.35527.113 d17.12
MinimumVisualStudioVersion = 10.0.40219.1
Project("{FAE04EC0-301F-11D3-BF4B-00C04F79EFBC}") = "WinApp", "WinApp\WinApp.csproj", "{C507FF0D-C8A6-48A8-AA49-0F67E14A3DDF}"
EndProject
Project("{FAE04EC0-301F-11D3-BF4B-00C04F79EFBC}") = "SchoolLib", "SchoolLib\SchoolLib.csproj", "{E20643A4-97FA-459F-9F26-31B7C431E679}"
EndProject
Global
	GlobalSection(SolutionConfigurationPlatforms) = preSolution
		Debug|Any CPU = Debug|Any CPU
		Release|Any CPU = Release|Any CPU
	EndGlobalSection
	GlobalSection(ProjectConfigurationPlatforms) = postSolution
		{C507FF0D-C8A6-48A8-AA49-0F67E14A3DDF}.Debug|Any CPU.ActiveCfg = Debug|Any CPU
		{C507FF0D-C8A6-48A8-AA49-0F67E14A3DDF}.Debug|Any CPU.Build.0 = Debug|Any CPU
		{C507FF0D-C8A6-48A8-AA49-0F67E14A3DDF}.Release|Any CPU.ActiveCfg = Release|Any CPU
		{C507FF0D-C8A6-48A8-AA49-0F67E14A3DDF}.Release|Any CPU.Build.0 = Release|Any CPU
		{E20643A4-97FA-459F-9F26-31B7C431E679}.Debug|Any CPU.ActiveCfg = Debug|Any CPU
		{E20643A4-97FA-459F-9F26-31B7C431E679}.Debug|Any CPU.Build.0 = Debug|Any CPU
		{E20643A4-97FA-459F-9F26-31B7C431E679}.Release|Any CPU.ActiveCfg = Release|Any CPU
		{E20643A4-97FA-459F-9F26-31B7C431E679}.Release|Any CPU.Build.0 = Release|Any CPU
	EndGlobalSection
	GlobalSection(SolutionProperties) = preSolution
		HideSolutionNode = FALSE
	EndGlobalSection
EndGlobal
