
Microsoft Visual Studio Solution File, Format Version 12.00
# Visual Studio Version 17
VisualStudioVersion = 17.12.35527.113 d17.12
MinimumVisualStudioVersion = 10.0.40219.1
Project("{FAE04EC0-301F-11D3-BF4B-00C04F79EFBC}") = "Time", "Time\Time.csproj", "{B23A59FC-ACF9-4C5C-AD61-30AC8DE4597B}"
EndProject
Project("{FAE04EC0-301F-11D3-BF4B-00C04F79EFBC}") = "Song", "Song\Song.csproj", "{C2A6FF91-7C4C-4B49-8FAB-DEDD8D7D9B17}"
EndProject
Global
	GlobalSection(SolutionConfigurationPlatforms) = preSolution
		Debug|Any CPU = Debug|Any CPU
		Release|Any CPU = Release|Any CPU
	EndGlobalSection
	GlobalSection(ProjectConfigurationPlatforms) = postSolution
		{B23A59FC-ACF9-4C5C-AD61-30AC8DE4597B}.Debug|Any CPU.ActiveCfg = Debug|Any CPU
		{B23A59FC-ACF9-4C5C-AD61-30AC8DE4597B}.Debug|Any CPU.Build.0 = Debug|Any CPU
		{B23A59FC-ACF9-4C5C-AD61-30AC8DE4597B}.Release|Any CPU.ActiveCfg = Release|Any CPU
		{B23A59FC-ACF9-4C5C-AD61-30AC8DE4597B}.Release|Any CPU.Build.0 = Release|Any CPU
		{C2A6FF91-7C4C-4B49-8FAB-DEDD8D7D9B17}.Debug|Any CPU.ActiveCfg = Debug|Any CPU
		{C2A6FF91-7C4C-4B49-8FAB-DEDD8D7D9B17}.Debug|Any CPU.Build.0 = Debug|Any CPU
		{C2A6FF91-7C4C-4B49-8FAB-DEDD8D7D9B17}.Release|Any CPU.ActiveCfg = Release|Any CPU
		{C2A6FF91-7C4C-4B49-8FAB-DEDD8D7D9B17}.Release|Any CPU.Build.0 = Release|Any CPU
	EndGlobalSection
	GlobalSection(SolutionProperties) = preSolution
		HideSolutionNode = FALSE
	EndGlobalSection
EndGlobal
