
Microsoft Visual Studio Solution File, Format Version 12.00
# Visual Studio Version 17
VisualStudioVersion = 17.10.35027.167
MinimumVisualStudioVersion = 10.0.40219.1
Project("{FAE04EC0-301F-11D3-BF4B-00C04F79EFBC}") = "JackieZ_301465524_T1AppTest", "JackieZ_301465524_T1AppTest\JackieZ_301465524_T1AppTest.csproj", "{192871F2-9D19-4F36-B29B-1B237A5E2F99}"
EndProject
Project("{FAE04EC0-301F-11D3-BF4B-00C04F79EFBC}") = "JackieZ_301465524_LibTest", "JackieZ_301465524_LibTest\JackieZ_301465524_LibTest.csproj", "{FD8C5739-1A8B-4D74-9C43-9CE7A2390527}"
EndProject
Global
	GlobalSection(SolutionConfigurationPlatforms) = preSolution
		Debug|Any CPU = Debug|Any CPU
		Release|Any CPU = Release|Any CPU
	EndGlobalSection
	GlobalSection(ProjectConfigurationPlatforms) = postSolution
		{192871F2-9D19-4F36-B29B-1B237A5E2F99}.Debug|Any CPU.ActiveCfg = Debug|Any CPU
		{192871F2-9D19-4F36-B29B-1B237A5E2F99}.Debug|Any CPU.Build.0 = Debug|Any CPU
		{192871F2-9D19-4F36-B29B-1B237A5E2F99}.Release|Any CPU.ActiveCfg = Release|Any CPU
		{192871F2-9D19-4F36-B29B-1B237A5E2F99}.Release|Any CPU.Build.0 = Release|Any CPU
		{FD8C5739-1A8B-4D74-9C43-9CE7A2390527}.Debug|Any CPU.ActiveCfg = Debug|Any CPU
		{FD8C5739-1A8B-4D74-9C43-9CE7A2390527}.Debug|Any CPU.Build.0 = Debug|Any CPU
		{FD8C5739-1A8B-4D74-9C43-9CE7A2390527}.Release|Any CPU.ActiveCfg = Release|Any CPU
		{FD8C5739-1A8B-4D74-9C43-9CE7A2390527}.Release|Any CPU.Build.0 = Release|Any CPU
	EndGlobalSection
	GlobalSection(SolutionProperties) = preSolution
		HideSolutionNode = FALSE
	EndGlobalSection
	GlobalSection(ExtensibilityGlobals) = postSolution
		SolutionGuid = {7C6485AF-8316-4FFB-B685-0BE6E52D0D9E}
	EndGlobalSection
EndGlobal
