
Microsoft Visual Studio Solution File, Format Version 12.00
# Visual Studio Version 17
VisualStudioVersion = 17.10.35027.167
MinimumVisualStudioVersion = 10.0.40219.1
Project("{FAE04EC0-301F-11D3-BF4B-00C04F79EFBC}") = "JackieZ_301465524_test1", "JackieZ_301465524_test1\JackieZ_301465524_test1.csproj", "{8F185E24-E615-468E-934B-5858A9E8BF6A}"
EndProject
Project("{FAE04EC0-301F-11D3-BF4B-00C04F79EFBC}") = "TestLib", "TestLib\TestLib.csproj", "{C6E8BE17-F50D-4AFE-BF67-02BE85749EB9}"
EndProject
Global
	GlobalSection(SolutionConfigurationPlatforms) = preSolution
		Debug|Any CPU = Debug|Any CPU
		Release|Any CPU = Release|Any CPU
	EndGlobalSection
	GlobalSection(ProjectConfigurationPlatforms) = postSolution
		{8F185E24-E615-468E-934B-5858A9E8BF6A}.Debug|Any CPU.ActiveCfg = Debug|Any CPU
		{8F185E24-E615-468E-934B-5858A9E8BF6A}.Debug|Any CPU.Build.0 = Debug|Any CPU
		{8F185E24-E615-468E-934B-5858A9E8BF6A}.Release|Any CPU.ActiveCfg = Release|Any CPU
		{8F185E24-E615-468E-934B-5858A9E8BF6A}.Release|Any CPU.Build.0 = Release|Any CPU
		{C6E8BE17-F50D-4AFE-BF67-02BE85749EB9}.Debug|Any CPU.ActiveCfg = Debug|Any CPU
		{C6E8BE17-F50D-4AFE-BF67-02BE85749EB9}.Debug|Any CPU.Build.0 = Debug|Any CPU
		{C6E8BE17-F50D-4AFE-BF67-02BE85749EB9}.Release|Any CPU.ActiveCfg = Release|Any CPU
		{C6E8BE17-F50D-4AFE-BF67-02BE85749EB9}.Release|Any CPU.Build.0 = Release|Any CPU
	EndGlobalSection
	GlobalSection(SolutionProperties) = preSolution
		HideSolutionNode = FALSE
	EndGlobalSection
	GlobalSection(ExtensibilityGlobals) = postSolution
		SolutionGuid = {83CEBFA5-8474-4B40-BAE8-7FD498AC6031}
	EndGlobalSection
EndGlobal
