
Microsoft Visual Studio Solution File, Format Version 12.00
# Visual Studio Version 17
VisualStudioVersion = 17.12.35527.113 d17.12
MinimumVisualStudioVersion = 10.0.40219.1
Project("{FAE04EC0-301F-11D3-BF4B-00C04F79EFBC}") = "JackieZ_301465524_Lab67", "JackieZ_301465524_Lab67\JackieZ_301465524_Lab67.csproj", "{C8F86E2B-13A4-4935-8D98-67A60380077A}"
EndProject
Project("{FAE04EC0-301F-11D3-BF4B-00C04F79EFBC}") = "JackieZ_301465524_Lab67Library", "JackieZ_301465524_Lab67Library\JackieZ_301465524_Lab67Library.csproj", "{E8B1475A-99F4-4CBB-B11A-4E03324579E9}"
EndProject
Global
	GlobalSection(SolutionConfigurationPlatforms) = preSolution
		Debug|Any CPU = Debug|Any CPU
		Release|Any CPU = Release|Any CPU
	EndGlobalSection
	GlobalSection(ProjectConfigurationPlatforms) = postSolution
		{C8F86E2B-13A4-4935-8D98-67A60380077A}.Debug|Any CPU.ActiveCfg = Debug|Any CPU
		{C8F86E2B-13A4-4935-8D98-67A60380077A}.Debug|Any CPU.Build.0 = Debug|Any CPU
		{C8F86E2B-13A4-4935-8D98-67A60380077A}.Release|Any CPU.ActiveCfg = Release|Any CPU
		{C8F86E2B-13A4-4935-8D98-67A60380077A}.Release|Any CPU.Build.0 = Release|Any CPU
		{E8B1475A-99F4-4CBB-B11A-4E03324579E9}.Debug|Any CPU.ActiveCfg = Debug|Any CPU
		{E8B1475A-99F4-4CBB-B11A-4E03324579E9}.Debug|Any CPU.Build.0 = Debug|Any CPU
		{E8B1475A-99F4-4CBB-B11A-4E03324579E9}.Release|Any CPU.ActiveCfg = Release|Any CPU
		{E8B1475A-99F4-4CBB-B11A-4E03324579E9}.Release|Any CPU.Build.0 = Release|Any CPU
	EndGlobalSection
	GlobalSection(SolutionProperties) = preSolution
		HideSolutionNode = FALSE
	EndGlobalSection
EndGlobal
